github.com/google/gops v0.0.0-20170905060517-57e77c5c37da h1:PVTq11fL6VP0eJddkmqxG7aHc/nna/Hw7Ga5fzJzgBE=
github.com/google/gops v0.0.0-20170905060517-57e77c5c37da/go.mod h1:pMQgrscwEK/aUSW1IFSaBPbJX82FPHWaSoJw1axQfD0=
github.com/howeyc/fsnotify v0.0.0-20140227144622-441bbc86b167 h1:PE+U7kBXYWuIK11WXS84HSBNJJ0lDw/gRajQHrN0rHI=
github.com/howeyc/fsnotify v0.0.0-20140227144622-441bbc86b167/go.mod h1:41HzSPxBGeFRQKEEwgh49TRw/nKBsYZ2cF1OzPjSJsA=
github.com/jeromer/syslogparser v0.0.0-20160906132035-0e4ae46ea3f0 h1:cTaTmjMalbISxyPZMqx0NLWryUBCH8h03qjEssFvV6k=
github.com/jeromer/syslogparser v0.0.0-20160906132035-0e4ae46ea3f0/go.mod h1:mQyv/QAgjs9+PTi/iXveno+U86nKGsltjqf3ilYx4Bg=
github.com/kardianos/osext v0.0.0-20170510131534-ae77be60afb1 h1:PJPDf8OUfOK1bb/NeTKd4f1QXZItOX389VN3B6qC8ro=
github.com/kardianos/osext v0.0.0-20170510131534-ae77be60afb1/go.mod h1:1NbS8ALrpOvjt0rHPNLyCIeMtbizbir8U//inJ+zuB8=
github.com/kr/pretty v0.1.0 h1:L/CwN0zerZDmRFUapSPitk6f+Q3+0za1rQkzVuMiMFI=
github.com/kr/pretty v0.1.0/go.mod h1:dAy3ld7l9f0ibDNOQOHHMYYIIbhfbHSm3C4ZsoJORNo=
github.com/kr/pty v1.1.1/go.mod h1:pFQYn66WHrOpPYNljwOMqo10TkYh1fy3cYio2l3bCsQ=
github.com/kr/text v0.1.0 h1:45sCR5RtlFHMR4UwH9sdQ5TC8v0qDQCHnXt+kaKSTVE=
github.com/kr/text v0.1.0/go.mod h1:4Jbv+DJW3UT/LiOwJeYQe1efqtUx/iVham/4vfdArNI=
gopkg.in/check.v1 v1.0.0-20180628173108-788fd7840127 h1:qIbj1fsPNlZgppZ+VLlY7N33q108Sa+fhmuc+sWQYwY=
gopkg.in/check.v1 v1.0.0-20180628173108-788fd7840127/go.mod h1:Co6ibVJAznAaIkqp8huTwlJQCZ016jof/cbN4VW5Yz0=
gopkg.in/gcfg.v1 v1.0.0-20160814195152-27e4946190b4 h1:zpKI8aQMq6nG3yjN3CO8eMaNHlJRiJmhyUE4srVdvsc=
gopkg.in/gcfg.v1 v1.0.0-20160814195152-27e4946190b4/go.mod h1:yesOnuUOFQAhST5vPY4nbZsb/huCgGGXlipJsBn0b3o=
gopkg.in/routeros.v2 v2.0.0-20160731190706-ffdb88bba037 h1:TdbxMXSp0+pYxoApEfmYJ6YrwpZvqhEIaePMv8/UukA=
gopkg.in/routeros.v2 v2.0.0-20160731190706-ffdb88bba037/go.mod h1:dXYL5YdVb9GEWLoWK8VHdwL/SuFrNyb/hj2/CXZVT7E=
gopkg.in/warnings.v0 v0.0.0-20160815181109-8a331561fe74 h1:bvGFbZpOjA7+8IzB52RUwS5Xi3H1dM0qAI6+uNcZ7gM=
gopkg.in/warnings.v0 v0.0.0-20160815181109-8a331561fe74/go.mod h1:jksf8JmL6Qr/oQM2OXTHunEvvTAsrWBLb6OOjuVWRNI=
gopkg.in/yaml.v2 v2.0.0-20170812160011-eb3733d160e7 h1:+t9dhfO+GNOIGJof6kPOAenx7YgrZMTdRPV+EsnPabk=
gopkg.in/yaml.v2 v2.0.0-20170812160011-eb3733d160e7/go.mod h1:JAlM8MvJe8wmxCU4Bli9HhUf9+ttbYbLASfIpnQbh74=
