# This file is autogenerated, do not edit; changes may be undone by the next 'dep ensure'.


[[projects]]
  name = "github.com/howeyc/fsnotify"
  packages = ["."]
  revision = "441bbc86b167f3c1f4786afae9931403b99fdacf"
  version = "v0.9.0"

[[projects]]
  branch = "master"
  name = "github.com/jeromer/syslogparser"
  packages = [".","rfc3164","rfc5424"]
  revision = "0e4ae46ea3f08de351074b643d649d5d00661a3c"

[[projects]]
  name = "gopkg.in/gcfg.v1"
  packages = [".","scanner","token","types"]
  revision = "27e4946190b4a327b539185f2b5b1f7c84730728"
  version = "v1.2.0"

[[projects]]
  branch = "v2"
  name = "gopkg.in/routeros.v2"
  packages = [".","proto"]
  revision = "ffdb88bba0376a797b733f2279f539340926617f"

[[projects]]
  name = "gopkg.in/warnings.v0"
  packages = ["."]
  revision = "8a331561fe74dadba6edfc59f3be66c22c3b065d"
  version = "v0.1.1"

[[projects]]
  branch = "v2"
  name = "gopkg.in/yaml.v2"
  packages = ["."]
  revision = "25c4ec802a7d637f88d584ab26798e94ad14c13b"

[solve-meta]
  analyzer-name = "dep"
  analyzer-version = 1
  inputs-digest = "dadd3f03159d1ae57119db271783f6ca2d0871c49c136901cd6c03a986c0a765"
  solver-name = "gps-cdcl"
  solver-version = 1
